// !$*UTF8*$!
{
	archiveVersion = 1;
	classes = {
	};
	objectVersion = 46;
	objects = {

/* Begin PBXBuildFile section */
		E268D9071DB5D39D00800374 /* main.cpp in Sources */ = {isa = PBXBuildFile; fileRef = E268D9061DB5D39D00800374 /* main.cpp */; };
/* End PBXBuildFile section */

/* Begin PBXCopyFilesBuildPhase section */
		E268D9011DB5D39D00800374 /* CopyFiles */ = {
			isa = PBXCopyFilesBuildPhase;
			buildActionMask = 2147483647;
			dstPath = /usr/share/man/man1/;
			dstSubfolderSpec = 0;
			files = (
			);
			runOnlyForDeploymentPostprocessing = 1;
		};
/* End PBXCopyFilesBuildPhase section */

/* Begin PBXFileReference section */
		E268D9031DB5D39D00800374 /* COMP130 Midterm Practice - Random Number Gen */ = {isa = PBXFileReference; explicitFileType = "compiled.mach-o.executable"; includeInIndex = 0; path = "COMP130 Midterm Practice - Random Number Gen"; sourceTree = BUILT_PRODUCTS_DIR; };
		E268D9061DB5D39D00800374 /* main.cpp */ = {isa = PBXFileReference; lastKnownFileType = sourcecode.cpp.cpp; path = main.cpp; sourceTree = "<group>"; };
/* End PBXFileReference section */

/* Begin PBXFrameworksBuildPhase section */
		E268D9001DB5D39D00800374 /* Frameworks */ = {
			isa = PBXFrameworksBuildPhase;
			buildActionMask = 2147483647;
			files = (
			);
			runOnlyForDeploymentPostprocessing = 0;
		};
/* End PBXFrameworksBuildPhase section */

/* Begin PBXGroup section */
		E268D8FA1DB5D39D00800374 = {
			isa = PBXGroup;
			children = (
				E268D9051DB5D39D00800374 /* COMP130 Midterm Practice - Random Number Gen */,
				E268D9041DB5D39D00800374 /* Products */,
			);
			sourceTree = "<group>";
		};
		E268D9041DB5D39D00800374 /* Products */ = {
			isa = PBXGroup;
			children = (
				E268D9031DB5D39D00800374 /* COMP130 Midterm Practice - Random Number Gen */,
			);
			name = Products;
			sourceTree = "<group>";
		};
		E268D9051DB5D39D00800374 /* COMP130 Midterm Practice - Random Number Gen */ = {
			isa = PBXGroup;
			children = (
				E268D9061DB5D39D00800374 /* main.cpp */,
			);
			path = "COMP130 Midterm Practice - Random Number Gen";
			sourceTree = "<group>";
		};
/* End PBXGroup section */

/* Begin PBXNativeTarget section */
		E268D9021DB5D39D00800374 /* COMP130 Midterm Practice - Random Number Gen */ = {
			isa = PBXNativeTarget;
			buildConfigurationList = E268D90A1DB5D39D00800374 /* Build configuration list for PBXNativeTarget "COMP130 Midterm Practice - Random Number Gen" */;
			buildPhases = (
				E268D8FF1DB5D39D00800374 /* Sources */,
				E268D9001DB5D39D00800374 /* Frameworks */,
				E268D9011DB5D39D00800374 /* CopyFiles */,
			);
			buildRules = (
			);
			dependencies = (
			);
			name = "COMP130 Midterm Practice - Random Number Gen";
			productName = "COMP130 Midterm Practice - Random Number Gen";
			productReference = E268D9031DB5D39D00800374 /* COMP130 Midterm Practice - Random Number Gen */;
			productType = "com.apple.product-type.tool";
		};
/* End PBXNativeTarget section */

/* Begin PBXProject section */
		E268D8FB1DB5D39D00800374 /* Project object */ = {
			isa = PBXProject;
			attributes = {
				LastUpgradeCheck = 0730;
				ORGANIZATIONNAME = COMP130;
				TargetAttributes = {
					E268D9021DB5D39D00800374 = {
						CreatedOnToolsVersion = 7.3.1;
					};
				};
			};
			buildConfigurationList = E268D8FE1DB5D39D00800374 /* Build configuration list for PBXProject "COMP130 Midterm Practice - Random Number Gen" */;
			compatibilityVersion = "Xcode 3.2";
			developmentRegion = English;
			hasScannedForEncodings = 0;
			knownRegions = (
				en,
			);
			mainGroup = E268D8FA1DB5D39D00800374;
			productRefGroup = E268D9041DB5D39D00800374 /* Products */;
			projectDirPath = "";
			projectRoot = "";
			targets = (
				E268D9021DB5D39D00800374 /* COMP130 Midterm Practice - Random Number Gen */,
			);
		};
/* End PBXProject section */

/* Begin PBXSourcesBuildPhase section */
		E268D8FF1DB5D39D00800374 /* Sources */ = {
			isa = PBXSourcesBuildPhase;
			buildActionMask = 2147483647;
			files = (
				E268D9071DB5D39D00800374 /* main.cpp in Sources */,
			);
			runOnlyForDeploymentPostprocessing = 0;
		};
/* End PBXSourcesBuildPhase section */

/* Begin XCBuildConfiguration section */
		E268D9081DB5D39D00800374 /* Debug */ = {
			isa = XCBuildConfiguration;
			buildSettings = {
				ALWAYS_SEARCH_USER_PATHS = NO;
				CLANG_ANALYZER_NONNULL = YES;
				CLANG_CXX_LANGUAGE_STANDARD = "gnu++0x";
				CLANG_CXX_LIBRARY = "libc++";
				CLANG_ENABLE_MODULES = YES;
				CLANG_ENABLE_OBJC_ARC = YES;
				CLANG_WARN_BOOL_CONVERSION = YES;
				CLANG_WARN_CONSTANT_CONVERSION = YES;
				CLANG_WARN_DIRECT_OBJC_ISA_USAGE = YES_ERROR;
				CLANG_WARN_EMPTY_BODY = YES;
				CLANG_WARN_ENUM_CONVERSION = YES;
				CLANG_WARN_INT_CONVERSION = YES;
				CLANG_WARN_OBJC_ROOT_CLASS = YES_ERROR;
				CLANG_WARN_UNREACHABLE_CODE = YES;
				CLANG_WARN__DUPLICATE_METHOD_MATCH = YES;
				CODE_SIGN_IDENTITY = "-";
				COPY_PHASE_STRIP = NO;
				DEBUG_INFORMATION_FORMAT = dwarf;
				ENABLE_STRICT_OBJC_MSGSEND = YES;
				ENABLE_TESTABILITY = YES;
				GCC_C_LANGUAGE_STANDARD = gnu99;
				GCC_DYNAMIC_NO_PIC = NO;
				GCC_NO_COMMON_BLOCKS = YES;
				GCC_OPTIMIZATION_LEVEL = 0;
				GCC_PREPROCESSOR_DEFINITIONS = (
					"DEBUG=1",
					"$(inherited)",
				);
				GCC_WARN_64_TO_32_BIT_CONVERSION = YES;
				GCC_WARN_ABOUT_RETURN_TYPE = YES_ERROR;
				GCC_WARN_UNDECLARED_SELECTOR = YES;
				GCC_WARN_UNINITIALIZED_AUTOS = YES_AGGRESSIVE;
				GCC_WARN_UNUSED_FUNCTION = YES;
				GCC_WARN_UNUSED_VARIABLE = YES;
				MACOSX_DEPLOYMENT_TARGET = 10.12;
				MTL_ENABLE_DEBUG_INFO = YES;
				ONLY_ACTIVE_ARCH = YES;
				SDKROOT = macosx;
			};
			name = Debug;
		};
		E268D9091DB5D39D00800374 /* Release */ = {
			isa = XCBuildConfiguration;
			buildSettings = {
				ALWAYS_SEARCH_USER_PATHS = NO;
				CLANG_ANALYZER_NONNULL = YES;
				CLANG_CXX_LANGUAGE_STANDARD = "gnu++0x";
				CLANG_CXX_LIBRARY = "libc++";
				CLANG_ENABLE_MODULES = YES;
				CLANG_ENABLE_OBJC_ARC = YES;
				CLANG_WARN_BOOL_CONVERSION = YES;
				CLANG_WARN_CONSTANT_CONVERSION = YES;
				CLANG_WARN_DIRECT_OBJC_ISA_USAGE = YES_ERROR;
				CLANG_WARN_EMPTY_BODY = YES;
				CLANG_WARN_ENUM_CONVERSION = YES;
				CLANG_WARN_INT_CONVERSION = YES;
				CLANG_WARN_OBJC_ROOT_CLASS = YES_ERROR;
				CLANG_WARN_UNREACHABLE_CODE = YES;
				CLANG_WARN__DUPLICATE_METHOD_MATCH = YES;
				CODE_SIGN_IDENTITY = "-";
				COPY_PHASE_STRIP = NO;
				DEBUG_INFORMATION_FORMAT = "dwarf-with-dsym";
				ENABLE_NS_ASSERTIONS = NO;
				ENABLE_STRICT_OBJC_MSGSEND = YES;
				GCC_C_LANGUAGE_STANDARD = gnu99;
				GCC_NO_COMMON_BLOCKS = YES;
				GCC_WARN_64_TO_32_BIT_CONVERSION = YES;
				GCC_WARN_ABOUT_RETURN_TYPE = YES_ERROR;
				GCC_WARN_UNDECLARED_SELECTOR = YES;
				GCC_WARN_UNINITIALIZED_AUTOS = YES_AGGRESSIVE;
				GCC_WARN_UNUSED_FUNCTION = YES;
				GCC_WARN_UNUSED_VARIABLE = YES;
				MACOSX_DEPLOYMENT_TARGET = 10.12;
				MTL_ENABLE_DEBUG_INFO = NO;
				SDKROOT = macosx;
			};
			name = Release;
		};
		E268D90B1DB5D39D00800374 /* Debug */ = {
			isa = XCBuildConfiguration;
			buildSettings = {
				PRODUCT_NAME = "$(TARGET_NAME)";
			};
			name = Debug;
		};
		E268D90C1DB5D39D00800374 /* Release */ = {
			isa = XCBuildConfiguration;
			buildSettings = {
				PRODUCT_NAME = "$(TARGET_NAME)";
			};
			name = Release;
		};
/* End XCBuildConfiguration section */

/* Begin XCConfigurationList section */
		E268D8FE1DB5D39D00800374 /* Build configuration list for PBXProject "COMP130 Midterm Practice - Random Number Gen" */ = {
			isa = XCConfigurationList;
			buildConfigurations = (
				E268D9081DB5D39D00800374 /* Debug */,
				E268D9091DB5D39D00800374 /* Release */,
			);
			defaultConfigurationIsVisible = 0;
			defaultConfigurationName = Release;
		};
		E268D90A1DB5D39D00800374 /* Build configuration list for PBXNativeTarget "COMP130 Midterm Practice - Random Number Gen" */ = {
			isa = XCConfigurationList;
			buildConfigurations = (
				E268D90B1DB5D39D00800374 /* Debug */,
				E268D90C1DB5D39D00800374 /* Release */,
			);
			defaultConfigurationIsVisible = 0;
		};
/* End XCConfigurationList section */
	};
	rootObject = E268D8FB1DB5D39D00800374 /* Project object */;
}
